github.com/Team-OurPlayground/idl v0.0.0-20230116164702-269445ba2388 h1:5zqNMs4qtdW3/zpn1NKZfsDBgthjlqFlzlooWwO4aiI=
github.com/Team-OurPlayground/idl v0.0.0-20230116164702-269445ba2388/go.mod h1:G0IqxRS3n9sAUdRpQoiButOqKaLotxMw/1yfk2o0X58=
github.com/google/uuid v1.3.0 h1:t6JiXgmwXMjEs8VusXIJk2BXHsn+wx8BZdTaoZ5fu7I=
github.com/google/uuid v1.3.0/go.mod h1:TIyPZe4MgqvfeYDBFedMoGGpEw/LqOeaOT+nhxU+yHo=
